
Microsoft Visual Studio Solution File, Format Version 12.00
# Visual Studio 15
VisualStudioVersion = 15.0.28010.2026
MinimumVisualStudioVersion = 10.0.40219.1
Project("{FAE04EC0-301F-11D3-BF4B-00C04F79EFBC}") = "Agence", "Agence\Agence.csproj", "{FCD6889C-416F-4E03-AB7F-76F51A42E413}"
EndProject
Global
	GlobalSection(SolutionConfigurationPlatforms) = preSolution
		Debug|Any CPU = Debug|Any CPU
		Release|Any CPU = Release|Any CPU
	EndGlobalSection
	GlobalSection(ProjectConfigurationPlatforms) = postSolution
		{FCD6889C-416F-4E03-AB7F-76F51A42E413}.Debug|Any CPU.ActiveCfg = Debug|Any CPU
		{FCD6889C-416F-4E03-AB7F-76F51A42E413}.Debug|Any CPU.Build.0 = Debug|Any CPU
		{FCD6889C-416F-4E03-AB7F-76F51A42E413}.Release|Any CPU.ActiveCfg = Release|Any CPU
		{FCD6889C-416F-4E03-AB7F-76F51A42E413}.Release|Any CPU.Build.0 = Release|Any CPU
	EndGlobalSection
	GlobalSection(SolutionProperties) = preSolution
		HideSolutionNode = FALSE
	EndGlobalSection
	GlobalSection(ExtensibilityGlobals) = postSolution
		SolutionGuid = {B06B57B2-5D29-46A6-9281-C3A4313F4261}
	EndGlobalSection
EndGlobal
